
Microsoft Visual Studio Solution File, Format Version 11.00
# Visual Studio 2010
Project("{FAE04EC0-301F-11D3-BF4B-00C04F79EFBC}") = "Utils", "Utils.csproj", "{11CA980F-72FF-42DE-8B59-C9A77C2AF7DA}"
EndProject
Global
	GlobalSection(SolutionConfigurationPlatforms) = preSolution
		Debug|Any CPU = Debug|Any CPU
		Release|Any CPU = Release|Any CPU
	EndGlobalSection
	GlobalSection(ProjectConfigurationPlatforms) = postSolution
		{11CA980F-72FF-42DE-8B59-C9A77C2AF7DA}.Debug|Any CPU.ActiveCfg = Debug|Any CPU
		{11CA980F-72FF-42DE-8B59-C9A77C2AF7DA}.Debug|Any CPU.Build.0 = Debug|Any CPU
		{11CA980F-72FF-42DE-8B59-C9A77C2AF7DA}.Release|Any CPU.ActiveCfg = Release|Any CPU
		{11CA980F-72FF-42DE-8B59-C9A77C2AF7DA}.Release|Any CPU.Build.0 = Release|Any CPU
	EndGlobalSection
	GlobalSection(MonoDevelopProperties) = preSolution
		StartupItem = Utils.csproj
	EndGlobalSection
EndGlobal
